
Microsoft Visual Studio Solution File, Format Version 12.00
# Visual Studio Version 17
VisualStudioVersion = 17.0.31903.59
MinimumVisualStudioVersion = 10.0.40219.1
Project("{FAE04EC0-301F-11D3-BF4B-00C04F79EFBC}") = "Command", "Command\Command.csproj", "{20A88FA3-6762-45D2-9138-255A127E13C2}"
EndProject
Project("{FAE04EC0-301F-11D3-BF4B-00C04F79EFBC}") = "ServerThread", "ServerThread\ServerThread.csproj", "{6C11D2E7-15DE-4930-8C0D-F6B87D0B43A8}"
EndProject
Project("{FAE04EC0-301F-11D3-BF4B-00C04F79EFBC}") = "task17tests", "task17tests\task17tests.csproj", "{135F19EB-92F7-4F66-B0C8-2AC812749978}"
EndProject
Global
	GlobalSection(SolutionConfigurationPlatforms) = preSolution
		Debug|Any CPU = Debug|Any CPU
		Release|Any CPU = Release|Any CPU
	EndGlobalSection
	GlobalSection(SolutionProperties) = preSolution
		HideSolutionNode = FALSE
	EndGlobalSection
	GlobalSection(ProjectConfigurationPlatforms) = postSolution
		{20A88FA3-6762-45D2-9138-255A127E13C2}.Debug|Any CPU.ActiveCfg = Debug|Any CPU
		{20A88FA3-6762-45D2-9138-255A127E13C2}.Debug|Any CPU.Build.0 = Debug|Any CPU
		{20A88FA3-6762-45D2-9138-255A127E13C2}.Release|Any CPU.ActiveCfg = Release|Any CPU
		{20A88FA3-6762-45D2-9138-255A127E13C2}.Release|Any CPU.Build.0 = Release|Any CPU
		{6C11D2E7-15DE-4930-8C0D-F6B87D0B43A8}.Debug|Any CPU.ActiveCfg = Debug|Any CPU
		{6C11D2E7-15DE-4930-8C0D-F6B87D0B43A8}.Debug|Any CPU.Build.0 = Debug|Any CPU
		{6C11D2E7-15DE-4930-8C0D-F6B87D0B43A8}.Release|Any CPU.ActiveCfg = Release|Any CPU
		{6C11D2E7-15DE-4930-8C0D-F6B87D0B43A8}.Release|Any CPU.Build.0 = Release|Any CPU
		{135F19EB-92F7-4F66-B0C8-2AC812749978}.Debug|Any CPU.ActiveCfg = Debug|Any CPU
		{135F19EB-92F7-4F66-B0C8-2AC812749978}.Debug|Any CPU.Build.0 = Debug|Any CPU
		{135F19EB-92F7-4F66-B0C8-2AC812749978}.Release|Any CPU.ActiveCfg = Release|Any CPU
		{135F19EB-92F7-4F66-B0C8-2AC812749978}.Release|Any CPU.Build.0 = Release|Any CPU
	EndGlobalSection
EndGlobal
