
Microsoft Visual Studio Solution File, Format Version 12.00
# Visual Studio Version 17
VisualStudioVersion = 17.0.31903.59
MinimumVisualStudioVersion = 10.0.40219.1
Project("{FAE04EC0-301F-11D3-BF4B-00C04F79EFBC}") = "task14", "task14\task14.csproj", "{041D5D85-845C-425D-B7A3-768E1F74BEAE}"
EndProject
Project("{FAE04EC0-301F-11D3-BF4B-00C04F79EFBC}") = "task14tests", "task14tests\task14tests.csproj", "{92D4197B-8D64-472A-9568-5D5B6F3A7DC7}"
EndProject
Global
	GlobalSection(SolutionConfigurationPlatforms) = preSolution
		Debug|Any CPU = Debug|Any CPU
		Release|Any CPU = Release|Any CPU
	EndGlobalSection
	GlobalSection(SolutionProperties) = preSolution
		HideSolutionNode = FALSE
	EndGlobalSection
	GlobalSection(ProjectConfigurationPlatforms) = postSolution
		{041D5D85-845C-425D-B7A3-768E1F74BEAE}.Debug|Any CPU.ActiveCfg = Debug|Any CPU
		{041D5D85-845C-425D-B7A3-768E1F74BEAE}.Debug|Any CPU.Build.0 = Debug|Any CPU
		{041D5D85-845C-425D-B7A3-768E1F74BEAE}.Release|Any CPU.ActiveCfg = Release|Any CPU
		{041D5D85-845C-425D-B7A3-768E1F74BEAE}.Release|Any CPU.Build.0 = Release|Any CPU
		{92D4197B-8D64-472A-9568-5D5B6F3A7DC7}.Debug|Any CPU.ActiveCfg = Debug|Any CPU
		{92D4197B-8D64-472A-9568-5D5B6F3A7DC7}.Debug|Any CPU.Build.0 = Debug|Any CPU
		{92D4197B-8D64-472A-9568-5D5B6F3A7DC7}.Release|Any CPU.ActiveCfg = Release|Any CPU
		{92D4197B-8D64-472A-9568-5D5B6F3A7DC7}.Release|Any CPU.Build.0 = Release|Any CPU
	EndGlobalSection
EndGlobal
